
Microsoft Visual Studio Solution File, Format Version 12.00
Project("{FAE04EC0-301F-11D3-BF4B-00C04F79EFBC}") = "CzwartkKolos", "CzwartkKolos\CzwartkKolos.csproj", "{749523EA-284C-44A8-AC9A-8367571DB44B}"
EndProject
Global
	GlobalSection(SolutionConfigurationPlatforms) = preSolution
		Debug|Any CPU = Debug|Any CPU
		Release|Any CPU = Release|Any CPU
	EndGlobalSection
	GlobalSection(ProjectConfigurationPlatforms) = postSolution
		{749523EA-284C-44A8-AC9A-8367571DB44B}.Debug|Any CPU.ActiveCfg = Debug|Any CPU
		{749523EA-284C-44A8-AC9A-8367571DB44B}.Debug|Any CPU.Build.0 = Debug|Any CPU
		{749523EA-284C-44A8-AC9A-8367571DB44B}.Release|Any CPU.ActiveCfg = Release|Any CPU
		{749523EA-284C-44A8-AC9A-8367571DB44B}.Release|Any CPU.Build.0 = Release|Any CPU
	EndGlobalSection
EndGlobal
